
Microsoft Visual Studio Solution File, Format Version 11.00
# Visual Studio 2010
Project("{FAE04EC0-301F-11D3-BF4B-00C04F79EFBC}") = "Assembly-CSharp", "Assembly-CSharp.csproj", "{db5d6303-70aa-8027-b6c6-1a2ea6c68336}"
EndProject
Global
	GlobalSection(SolutionConfigurationPlatforms) = preSolution
		Debug|Any CPU = Debug|Any CPU
		Release|Any CPU = Release|Any CPU
	EndGlobalSection
	GlobalSection(ProjectConfigurationPlatforms) = postSolution
		{db5d6303-70aa-8027-b6c6-1a2ea6c68336}.Debug|Any CPU.ActiveCfg = Debug|Any CPU
		{db5d6303-70aa-8027-b6c6-1a2ea6c68336}.Debug|Any CPU.Build.0 = Debug|Any CPU
		{db5d6303-70aa-8027-b6c6-1a2ea6c68336}.Release|Any CPU.ActiveCfg = Release|Any CPU
		{db5d6303-70aa-8027-b6c6-1a2ea6c68336}.Release|Any CPU.Build.0 = Release|Any CPU
	EndGlobalSection
	GlobalSection(SolutionProperties) = preSolution
		HideSolutionNode = FALSE
	EndGlobalSection
EndGlobal
